
Microsoft Visual Studio Solution File, Format Version 12.00
# Visual Studio Version 17
VisualStudioVersion = 17.3.32922.545
MinimumVisualStudioVersion = 10.0.40219.1
Project("{FAE04EC0-301F-11D3-BF4B-00C04F79EFBC}") = "WebHookRepo", "WebHookRepo\WebHookRepo.csproj", "{8A87DF27-5EDD-4617-875B-4620D1CB0B79}"
EndProject
Project("{FAE04EC0-301F-11D3-BF4B-00C04F79EFBC}") = "WebRepo", "WebRepo\WebRepo.csproj", "{D5915A41-182D-42EE-A43A-0D0D4D5843AC}"
EndProject
Global
	GlobalSection(SolutionConfigurationPlatforms) = preSolution
		Debug|Any CPU = Debug|Any CPU
		Release|Any CPU = Release|Any CPU
	EndGlobalSection
	GlobalSection(ProjectConfigurationPlatforms) = postSolution
		{8A87DF27-5EDD-4617-875B-4620D1CB0B79}.Debug|Any CPU.ActiveCfg = Debug|Any CPU
		{8A87DF27-5EDD-4617-875B-4620D1CB0B79}.Debug|Any CPU.Build.0 = Debug|Any CPU
		{8A87DF27-5EDD-4617-875B-4620D1CB0B79}.Release|Any CPU.ActiveCfg = Release|Any CPU
		{8A87DF27-5EDD-4617-875B-4620D1CB0B79}.Release|Any CPU.Build.0 = Release|Any CPU
		{D5915A41-182D-42EE-A43A-0D0D4D5843AC}.Debug|Any CPU.ActiveCfg = Debug|Any CPU
		{D5915A41-182D-42EE-A43A-0D0D4D5843AC}.Debug|Any CPU.Build.0 = Debug|Any CPU
		{D5915A41-182D-42EE-A43A-0D0D4D5843AC}.Release|Any CPU.ActiveCfg = Release|Any CPU
		{D5915A41-182D-42EE-A43A-0D0D4D5843AC}.Release|Any CPU.Build.0 = Release|Any CPU
	EndGlobalSection
	GlobalSection(SolutionProperties) = preSolution
		HideSolutionNode = FALSE
	EndGlobalSection
	GlobalSection(ExtensibilityGlobals) = postSolution
		SolutionGuid = {D9C0FE44-47CF-450C-BB05-ACC8B87488A0}
	EndGlobalSection
EndGlobal
